
Microsoft Visual Studio Solution File, Format Version 12.00
Project("{FAE04EC0-301F-11D3-BF4B-00C04F79EFBC}") = "ShanesStorage.Api", "ShanesStorage.Api\ShanesStorage.Api.csproj", "{A2E3B21F-11CD-4425-BCAE-DC9D3B204146}"
EndProject
Project("{2150E333-8FDC-42A3-9474-1A3956D46DE8}") = "Solution Items", "Solution Items", "{2A7E3730-D230-4215-939E-F48D4B3DAF92}"
	ProjectSection(SolutionItems) = preProject
		docker-compose.yml = docker-compose.yml
	EndProjectSection
EndProject
Project("{FAE04EC0-301F-11D3-BF4B-00C04F79EFBC}") = "ShanesStorage.Files", "ShanesStorage.Files\ShanesStorage.Files.csproj", "{E07B40E4-F469-4BB1-8B77-D2244FFC5CB3}"
EndProject
Project("{FAE04EC0-301F-11D3-BF4B-00C04F79EFBC}") = "ShanesStorage.Core", "ShanesStorage.Core\ShanesStorage.Core.csproj", "{D6F63FD2-5FF5-4BF7-AC8B-84C38D3247BA}"
EndProject
Project("{FAE04EC0-301F-11D3-BF4B-00C04F79EFBC}") = "ShanesStorage.Data", "ShanesStorage.Data\ShanesStorage.Data.csproj", "{44D0FFE1-C227-49AA-B927-18324EAD68B7}"
EndProject
Project("{FAE04EC0-301F-11D3-BF4B-00C04F79EFBC}") = "ShanesStorage.Users", "ShanesStorage.Users\ShanesStorage.Users.csproj", "{47F6AED8-65C8-4FE0-BD34-CEC888CD235D}"
EndProject
Global
	GlobalSection(SolutionConfigurationPlatforms) = preSolution
		Debug|Any CPU = Debug|Any CPU
		Release|Any CPU = Release|Any CPU
	EndGlobalSection
	GlobalSection(ProjectConfigurationPlatforms) = postSolution
		{A2E3B21F-11CD-4425-BCAE-DC9D3B204146}.Debug|Any CPU.ActiveCfg = Debug|Any CPU
		{A2E3B21F-11CD-4425-BCAE-DC9D3B204146}.Debug|Any CPU.Build.0 = Debug|Any CPU
		{A2E3B21F-11CD-4425-BCAE-DC9D3B204146}.Release|Any CPU.ActiveCfg = Release|Any CPU
		{A2E3B21F-11CD-4425-BCAE-DC9D3B204146}.Release|Any CPU.Build.0 = Release|Any CPU
		{E07B40E4-F469-4BB1-8B77-D2244FFC5CB3}.Debug|Any CPU.ActiveCfg = Debug|Any CPU
		{E07B40E4-F469-4BB1-8B77-D2244FFC5CB3}.Debug|Any CPU.Build.0 = Debug|Any CPU
		{E07B40E4-F469-4BB1-8B77-D2244FFC5CB3}.Release|Any CPU.ActiveCfg = Release|Any CPU
		{E07B40E4-F469-4BB1-8B77-D2244FFC5CB3}.Release|Any CPU.Build.0 = Release|Any CPU
		{D6F63FD2-5FF5-4BF7-AC8B-84C38D3247BA}.Debug|Any CPU.ActiveCfg = Debug|Any CPU
		{D6F63FD2-5FF5-4BF7-AC8B-84C38D3247BA}.Debug|Any CPU.Build.0 = Debug|Any CPU
		{D6F63FD2-5FF5-4BF7-AC8B-84C38D3247BA}.Release|Any CPU.ActiveCfg = Release|Any CPU
		{D6F63FD2-5FF5-4BF7-AC8B-84C38D3247BA}.Release|Any CPU.Build.0 = Release|Any CPU
		{44D0FFE1-C227-49AA-B927-18324EAD68B7}.Debug|Any CPU.ActiveCfg = Debug|Any CPU
		{44D0FFE1-C227-49AA-B927-18324EAD68B7}.Debug|Any CPU.Build.0 = Debug|Any CPU
		{44D0FFE1-C227-49AA-B927-18324EAD68B7}.Release|Any CPU.ActiveCfg = Release|Any CPU
		{44D0FFE1-C227-49AA-B927-18324EAD68B7}.Release|Any CPU.Build.0 = Release|Any CPU
		{47F6AED8-65C8-4FE0-BD34-CEC888CD235D}.Debug|Any CPU.ActiveCfg = Debug|Any CPU
		{47F6AED8-65C8-4FE0-BD34-CEC888CD235D}.Debug|Any CPU.Build.0 = Debug|Any CPU
		{47F6AED8-65C8-4FE0-BD34-CEC888CD235D}.Release|Any CPU.ActiveCfg = Release|Any CPU
		{47F6AED8-65C8-4FE0-BD34-CEC888CD235D}.Release|Any CPU.Build.0 = Release|Any CPU
	EndGlobalSection
EndGlobal
